<?xml version="1.0" encoding="utf-8"?>
<Project ToolsVersion="4.0" xmlns="http://schemas.microsoft.com/developer/msbuild/2003">
  <ItemGroup>
    <Filter Include="Quelldateien">
      <UniqueIdentifier>{4FC737F1-C7A5-4376-A066-2A32D752A2FF}</UniqueIdentifier>
      <Extensions>cpp;c;cc;cxx;def;odl;idl;hpj;bat;asm;asmx</Extensions>
    </Filter>
    <Filter Include="Headerdateien">
      <UniqueIdentifier>{93995380-89BD-4b04-88EB-625FBE52EBFB}</UniqueIdentifier>
      <Extensions>h;hh;hpp;hxx;hm;inl;inc;xsd</Extensions>
    </Filter>
    <Filter Include="Ressourcendateien">
      <UniqueIdentifier>{67DA6AB6-F800-4c08-8B7A-83BB121AAD01}</UniqueIdentifier>
      <Extensions>rc;ico;cur;bmp;dlg;rc2;rct;bin;rgs;gif;jpg;jpeg;jpe;resx;tiff;tif;png;wav;mfcribbon-ms</Extensions>
    </Filter>
  </ItemGroup>
  <ItemGroup>
    <Text Include="ReadMe.txt" />
  </ItemGroup>
  <ItemGroup>
    <ClCompile Include="CARAPREV.cpp">
      <Filter>Quelldateien</Filter>
    </ClCompile>
    <ClCompile Include="dllmain.cpp">
      <Filter>Quelldateien</Filter>
    </ClCompile>
    <ClCompile Include="stdafx.cpp">
      <Filter>Quelldateien</Filter>
    </ClCompile>
    <ClCompile Include="BezierLabel.cpp">
      <Filter>Quelldateien</Filter>
    </ClCompile>
    <ClCompile Include="BrushListBox.cpp">
      <Filter>Quelldateien</Filter>
    </ClCompile>
    <ClCompile Include="BrushStylePropPage.cpp">
      <Filter>Quelldateien</Filter>
    </ClCompile>
    <ClCompile Include="CARADoc.cpp">
      <Filter>Quelldateien</Filter>
    </ClCompile>
    <ClCompile Include="CaraFrameWnd.cpp">
      <Filter>Quelldateien</Filter>
    </ClCompile>
    <ClCompile Include="caramenu.cpp">
      <Filter>Quelldateien</Filter>
    </ClCompile>
    <ClCompile Include="CARAPreview.cpp">
      <Filter>Quelldateien</Filter>
    </ClCompile>
    <ClCompile Include="CaraPropertyPage.cpp">
      <Filter>Quelldateien</Filter>
    </ClCompile>
    <ClCompile Include="caratoolbar.cpp">
      <Filter>Quelldateien</Filter>
    </ClCompile>
    <ClCompile Include="CaraView.cpp">
      <Filter>Quelldateien</Filter>
    </ClCompile>
    <ClCompile Include="CaraViewProperties.cpp">
      <Filter>Quelldateien</Filter>
    </ClCompile>
    <ClCompile Include="CaraWinApp.cpp">
      <Filter>Quelldateien</Filter>
    </ClCompile>
    <ClCompile Include="CatchGridDlg.cpp">
      <Filter>Quelldateien</Filter>
    </ClCompile>
    <ClCompile Include="CCaraFile.cpp">
      <Filter>Quelldateien</Filter>
    </ClCompile>
    <ClCompile Include="CircleLabel.cpp">
      <Filter>Quelldateien</Filter>
    </ClCompile>
    <ClCompile Include="ColorArray.cpp">
      <Filter>Quelldateien</Filter>
    </ClCompile>
    <ClCompile Include="ColorLabel.cpp">
      <Filter>Quelldateien</Filter>
    </ClCompile>
    <ClCompile Include="ColScalePropPage.cpp">
      <Filter>Quelldateien</Filter>
    </ClCompile>
    <ClCompile Include="Curve.cpp">
      <Filter>Quelldateien</Filter>
    </ClCompile>
    <ClCompile Include="CurveColorPropPage.cpp">
      <Filter>Quelldateien</Filter>
    </ClCompile>
    <ClCompile Include="CurveLabel.cpp">
      <Filter>Quelldateien</Filter>
    </ClCompile>
    <ClCompile Include="CurveValuePropPage.cpp">
      <Filter>Quelldateien</Filter>
    </ClCompile>
    <ClCompile Include="Debug.cpp">
      <Filter>Quelldateien</Filter>
    </ClCompile>
    <ClCompile Include="FileHeader.cpp">
      <Filter>Quelldateien</Filter>
    </ClCompile>
    <ClCompile Include="FontPropPage.cpp">
      <Filter>Quelldateien</Filter>
    </ClCompile>
    <ClCompile Include="Label.cpp">
      <Filter>Quelldateien</Filter>
    </ClCompile>
    <ClCompile Include="LabelContainer.cpp">
      <Filter>Quelldateien</Filter>
    </ClCompile>
    <ClCompile Include="LineLabel.cpp">
      <Filter>Quelldateien</Filter>
    </ClCompile>
    <ClCompile Include="LineListBox.cpp">
      <Filter>Quelldateien</Filter>
    </ClCompile>
    <ClCompile Include="LineStylePropPage.cpp">
      <Filter>Quelldateien</Filter>
    </ClCompile>
    <ClCompile Include="ListDlg.cpp">
      <Filter>Quelldateien</Filter>
    </ClCompile>
    <ClCompile Include="MathCurve.cpp">
      <Filter>Quelldateien</Filter>
    </ClCompile>
    <ClCompile Include="PasteSelectivDlg.cpp">
      <Filter>Quelldateien</Filter>
    </ClCompile>
    <ClCompile Include="PictureLabel.cpp">
      <Filter>Quelldateien</Filter>
    </ClCompile>
    <ClCompile Include="PicturePropPage.cpp">
      <Filter>Quelldateien</Filter>
    </ClCompile>
    <ClCompile Include="PlotLabel.cpp">
      <Filter>Quelldateien</Filter>
    </ClCompile>
    <ClCompile Include="PlotRangePropPage.cpp">
      <Filter>Quelldateien</Filter>
    </ClCompile>
    <ClCompile Include="PlotViewPropPage.cpp">
      <Filter>Quelldateien</Filter>
    </ClCompile>
    <ClCompile Include="PreviewFileHeader.cpp">
      <Filter>Quelldateien</Filter>
    </ClCompile>
    <ClCompile Include="PropertyPreview.cpp">
      <Filter>Quelldateien</Filter>
    </ClCompile>
    <ClCompile Include="RectLabel.cpp">
      <Filter>Quelldateien</Filter>
    </ClCompile>
    <ClCompile Include="ScalePainter.cpp">
      <Filter>Quelldateien</Filter>
    </ClCompile>
    <ClCompile Include="TextEdit.cpp">
      <Filter>Quelldateien</Filter>
    </ClCompile>
    <ClCompile Include="TextLabel.cpp">
      <Filter>Quelldateien</Filter>
    </ClCompile>
    <ClCompile Include="Transformation.cpp">
      <Filter>Quelldateien</Filter>
    </ClCompile>
    <ClCompile Include="TreeDlg.cpp">
      <Filter>Quelldateien</Filter>
    </ClCompile>
  </ItemGroup>
  <ItemGroup>
    <None Include="CARAPREV.def">
      <Filter>Quelldateien</Filter>
    </None>
    <None Include="res\CARAPREV.rc2">
      <Filter>Ressourcendateien</Filter>
    </None>
  </ItemGroup>
  <ItemGroup>
    <ClInclude Include="stdafx.h">
      <Filter>Headerdateien</Filter>
    </ClInclude>
    <ClInclude Include="targetver.h">
      <Filter>Headerdateien</Filter>
    </ClInclude>
    <ClInclude Include="Resource.h">
      <Filter>Headerdateien</Filter>
    </ClInclude>
    <ClInclude Include="TreeDlg.h">
      <Filter>Headerdateien</Filter>
    </ClInclude>
    <ClInclude Include="Transformation.h">
      <Filter>Headerdateien</Filter>
    </ClInclude>
    <ClInclude Include="TextLabel.h">
      <Filter>Headerdateien</Filter>
    </ClInclude>
    <ClInclude Include="TextEdit.h">
      <Filter>Headerdateien</Filter>
    </ClInclude>
    <ClInclude Include="ScalePainter.h">
      <Filter>Headerdateien</Filter>
    </ClInclude>
    <ClInclude Include="RectLabel.h">
      <Filter>Headerdateien</Filter>
    </ClInclude>
    <ClInclude Include="PropertyPreview.h">
      <Filter>Headerdateien</Filter>
    </ClInclude>
    <ClInclude Include="PreviewFileHeader.h">
      <Filter>Headerdateien</Filter>
    </ClInclude>
    <ClInclude Include="PlotViewPropPage.h">
      <Filter>Headerdateien</Filter>
    </ClInclude>
    <ClInclude Include="PlotRangePropPage.h">
      <Filter>Headerdateien</Filter>
    </ClInclude>
    <ClInclude Include="PlotLabel.h">
      <Filter>Headerdateien</Filter>
    </ClInclude>
    <ClInclude Include="PicturePropPage.h">
      <Filter>Headerdateien</Filter>
    </ClInclude>
    <ClInclude Include="PictureLabel.h">
      <Filter>Headerdateien</Filter>
    </ClInclude>
    <ClInclude Include="PasteSelectivDlg.h">
      <Filter>Headerdateien</Filter>
    </ClInclude>
    <ClInclude Include="MathCurve.h">
      <Filter>Headerdateien</Filter>
    </ClInclude>
    <ClInclude Include="ListDlg.h">
      <Filter>Headerdateien</Filter>
    </ClInclude>
    <ClInclude Include="LineStylePropPage.h">
      <Filter>Headerdateien</Filter>
    </ClInclude>
    <ClInclude Include="LineListBox.h">
      <Filter>Headerdateien</Filter>
    </ClInclude>
    <ClInclude Include="LineLabel.h">
      <Filter>Headerdateien</Filter>
    </ClInclude>
    <ClInclude Include="LabelContainer.h">
      <Filter>Headerdateien</Filter>
    </ClInclude>
    <ClInclude Include="Label.h">
      <Filter>Headerdateien</Filter>
    </ClInclude>
    <ClInclude Include="FontPropPage.h">
      <Filter>Headerdateien</Filter>
    </ClInclude>
    <ClInclude Include="FileHeader.h">
      <Filter>Headerdateien</Filter>
    </ClInclude>
    <ClInclude Include="Debug.h">
      <Filter>Headerdateien</Filter>
    </ClInclude>
    <ClInclude Include="CurveValuePropPage.h">
      <Filter>Headerdateien</Filter>
    </ClInclude>
    <ClInclude Include="CurveLabel.h">
      <Filter>Headerdateien</Filter>
    </ClInclude>
    <ClInclude Include="CurveColorPropPage.h">
      <Filter>Headerdateien</Filter>
    </ClInclude>
    <ClInclude Include="Curve.h">
      <Filter>Headerdateien</Filter>
    </ClInclude>
    <ClInclude Include="ColScalePropPage.h">
      <Filter>Headerdateien</Filter>
    </ClInclude>
    <ClInclude Include="ColorLabel.h">
      <Filter>Headerdateien</Filter>
    </ClInclude>
    <ClInclude Include="ColorArray.h">
      <Filter>Headerdateien</Filter>
    </ClInclude>
    <ClInclude Include="CMargindialogparams.h">
      <Filter>Headerdateien</Filter>
    </ClInclude>
    <ClInclude Include="CLineLabel.h">
      <Filter>Headerdateien</Filter>
    </ClInclude>
    <ClInclude Include="CircleLabel.h">
      <Filter>Headerdateien</Filter>
    </ClInclude>
    <ClInclude Include="CatchGridDlg.h">
      <Filter>Headerdateien</Filter>
    </ClInclude>
    <ClInclude Include="CaraWinApp.h">
      <Filter>Headerdateien</Filter>
    </ClInclude>
    <ClInclude Include="CaraViewProperties.h">
      <Filter>Headerdateien</Filter>
    </ClInclude>
    <ClInclude Include="CaraView.h">
      <Filter>Headerdateien</Filter>
    </ClInclude>
    <ClInclude Include="caratoolbar.h">
      <Filter>Headerdateien</Filter>
    </ClInclude>
    <ClInclude Include="CaraPropertyPage.h">
      <Filter>Headerdateien</Filter>
    </ClInclude>
    <ClInclude Include="CARAPreview.h">
      <Filter>Headerdateien</Filter>
    </ClInclude>
    <ClInclude Include="CARAPREV.h">
      <Filter>Headerdateien</Filter>
    </ClInclude>
    <ClInclude Include="caramenu.h">
      <Filter>Headerdateien</Filter>
    </ClInclude>
    <ClInclude Include="CaraFrameWnd.h">
      <Filter>Headerdateien</Filter>
    </ClInclude>
    <ClInclude Include="CARADoc.h">
      <Filter>Headerdateien</Filter>
    </ClInclude>
    <ClInclude Include="BrushStylePropPage.h">
      <Filter>Headerdateien</Filter>
    </ClInclude>
    <ClInclude Include="BrushListBox.h">
      <Filter>Headerdateien</Filter>
    </ClInclude>
    <ClInclude Include="BezierLabel.h">
      <Filter>Headerdateien</Filter>
    </ClInclude>
  </ItemGroup>
  <ItemGroup>
    <ResourceCompile Include="CARAPREV.rc">
      <Filter>Ressourcendateien</Filter>
    </ResourceCompile>
  </ItemGroup>
</Project>