Microsoft Visual Studio Solution File, Format Version 8.00
Project("{8BC9CEB8-8B4A-11D0-8D11-00A0C91BC942}") = "LangDll", "LangDll.vcproj", "{D91CF37B-509F-4107-BF52-1DDCB6C63145}"
	ProjectSection(ProjectDependencies) = postProject
	EndProjectSection
EndProject
Global
	GlobalSection(SourceCodeControl) = preSolution
		SccNumberOfProjects = 1
		SccProjectUniqueName0 = LangDll.vcproj
		SccProjectName0 = \u0022$/DV/LangDll\u0022,\u0020FWZBAAAA
		SccLocalPath0 = .
		SccProvider0 = MSSCCI:Microsoft\u0020Visual\u0020SourceSafe
		CanCheckoutShared = false
	EndGlobalSection
	GlobalSection(SolutionConfiguration) = preSolution
		ChsDebugU = ChsDebugU
		ChsU = ChsU
		Csy = Csy
		CsyDebug = CsyDebug
		CsyU = CsyU
		Debug = Debug
		DebugU = DebugU
		Deu = Deu
		DeuU = DeuU
		Enu = Enu
		EnuDebug = EnuDebug
		EnuDebugU = EnuDebugU
		EnuU = EnuU
		Esp = Esp
		EspU = EspU
		Fra = Fra
		FraU = FraU
		Ita = Ita
		ItaU = ItaU
		JpnU = JpnU
		LangDll = LangDll
		Nld = Nld
		NldU = NldU
		Nor = Nor
		NorU = NorU
		Plk = Plk
		PlkU = PlkU
		Ptg = Ptg
		PtgU = PtgU
		RusDebugU = RusDebugU
		RusU = RusU
		Sve = Sve
		SveU = SveU
		Wls = Wls
	EndGlobalSection
	GlobalSection(ProjectConfiguration) = postSolution
		{D91CF37B-509F-4107-BF52-1DDCB6C63145}.ChsDebugU.ActiveCfg = ChsDebugU|Win32
		{D91CF37B-509F-4107-BF52-1DDCB6C63145}.ChsDebugU.Build.0 = ChsDebugU|Win32
		{D91CF37B-509F-4107-BF52-1DDCB6C63145}.ChsU.ActiveCfg = ChsU|Win32
		{D91CF37B-509F-4107-BF52-1DDCB6C63145}.ChsU.Build.0 = ChsU|Win32
		{D91CF37B-509F-4107-BF52-1DDCB6C63145}.Csy.ActiveCfg = Csy|Win32
		{D91CF37B-509F-4107-BF52-1DDCB6C63145}.Csy.Build.0 = Csy|Win32
		{D91CF37B-509F-4107-BF52-1DDCB6C63145}.CsyDebug.ActiveCfg = CsyDebug|Win32
		{D91CF37B-509F-4107-BF52-1DDCB6C63145}.CsyDebug.Build.0 = CsyDebug|Win32
		{D91CF37B-509F-4107-BF52-1DDCB6C63145}.CsyU.ActiveCfg = CsyU|Win32
		{D91CF37B-509F-4107-BF52-1DDCB6C63145}.CsyU.Build.0 = CsyU|Win32
		{D91CF37B-509F-4107-BF52-1DDCB6C63145}.Debug.ActiveCfg = Debug|Win32
		{D91CF37B-509F-4107-BF52-1DDCB6C63145}.Debug.Build.0 = Debug|Win32
		{D91CF37B-509F-4107-BF52-1DDCB6C63145}.DebugU.ActiveCfg = DebugU|Win32
		{D91CF37B-509F-4107-BF52-1DDCB6C63145}.DebugU.Build.0 = DebugU|Win32
		{D91CF37B-509F-4107-BF52-1DDCB6C63145}.Deu.ActiveCfg = Deu|Win32
		{D91CF37B-509F-4107-BF52-1DDCB6C63145}.Deu.Build.0 = Deu|Win32
		{D91CF37B-509F-4107-BF52-1DDCB6C63145}.DeuU.ActiveCfg = DeuU|Win32
		{D91CF37B-509F-4107-BF52-1DDCB6C63145}.DeuU.Build.0 = DeuU|Win32
		{D91CF37B-509F-4107-BF52-1DDCB6C63145}.Enu.ActiveCfg = Enu|Win32
		{D91CF37B-509F-4107-BF52-1DDCB6C63145}.Enu.Build.0 = Enu|Win32
		{D91CF37B-509F-4107-BF52-1DDCB6C63145}.EnuDebug.ActiveCfg = EnuDebug|Win32
		{D91CF37B-509F-4107-BF52-1DDCB6C63145}.EnuDebug.Build.0 = EnuDebug|Win32
		{D91CF37B-509F-4107-BF52-1DDCB6C63145}.EnuDebugU.ActiveCfg = EnuDebugU|Win32
		{D91CF37B-509F-4107-BF52-1DDCB6C63145}.EnuDebugU.Build.0 = EnuDebugU|Win32
		{D91CF37B-509F-4107-BF52-1DDCB6C63145}.EnuU.ActiveCfg = EnuU|Win32
		{D91CF37B-509F-4107-BF52-1DDCB6C63145}.EnuU.Build.0 = EnuU|Win32
		{D91CF37B-509F-4107-BF52-1DDCB6C63145}.Esp.ActiveCfg = Esp|Win32
		{D91CF37B-509F-4107-BF52-1DDCB6C63145}.Esp.Build.0 = Esp|Win32
		{D91CF37B-509F-4107-BF52-1DDCB6C63145}.EspU.ActiveCfg = EspU|Win32
		{D91CF37B-509F-4107-BF52-1DDCB6C63145}.EspU.Build.0 = EspU|Win32
		{D91CF37B-509F-4107-BF52-1DDCB6C63145}.Fra.ActiveCfg = Fra|Win32
		{D91CF37B-509F-4107-BF52-1DDCB6C63145}.Fra.Build.0 = Fra|Win32
		{D91CF37B-509F-4107-BF52-1DDCB6C63145}.FraU.ActiveCfg = FraU|Win32
		{D91CF37B-509F-4107-BF52-1DDCB6C63145}.FraU.Build.0 = FraU|Win32
		{D91CF37B-509F-4107-BF52-1DDCB6C63145}.Ita.ActiveCfg = Ita|Win32
		{D91CF37B-509F-4107-BF52-1DDCB6C63145}.Ita.Build.0 = Ita|Win32
		{D91CF37B-509F-4107-BF52-1DDCB6C63145}.ItaU.ActiveCfg = ItaU|Win32
		{D91CF37B-509F-4107-BF52-1DDCB6C63145}.ItaU.Build.0 = ItaU|Win32
		{D91CF37B-509F-4107-BF52-1DDCB6C63145}.JpnU.ActiveCfg = JpnU|Win32
		{D91CF37B-509F-4107-BF52-1DDCB6C63145}.JpnU.Build.0 = JpnU|Win32
		{D91CF37B-509F-4107-BF52-1DDCB6C63145}.LangDll.ActiveCfg = LangDll|Win32
		{D91CF37B-509F-4107-BF52-1DDCB6C63145}.LangDll.Build.0 = LangDll|Win32
		{D91CF37B-509F-4107-BF52-1DDCB6C63145}.Nld.ActiveCfg = Nld|Win32
		{D91CF37B-509F-4107-BF52-1DDCB6C63145}.Nld.Build.0 = Nld|Win32
		{D91CF37B-509F-4107-BF52-1DDCB6C63145}.NldU.ActiveCfg = NldU|Win32
		{D91CF37B-509F-4107-BF52-1DDCB6C63145}.NldU.Build.0 = NldU|Win32
		{D91CF37B-509F-4107-BF52-1DDCB6C63145}.Nor.ActiveCfg = Nor|Win32
		{D91CF37B-509F-4107-BF52-1DDCB6C63145}.Nor.Build.0 = Nor|Win32
		{D91CF37B-509F-4107-BF52-1DDCB6C63145}.NorU.ActiveCfg = NorU|Win32
		{D91CF37B-509F-4107-BF52-1DDCB6C63145}.NorU.Build.0 = NorU|Win32
		{D91CF37B-509F-4107-BF52-1DDCB6C63145}.Plk.ActiveCfg = Plk|Win32
		{D91CF37B-509F-4107-BF52-1DDCB6C63145}.Plk.Build.0 = Plk|Win32
		{D91CF37B-509F-4107-BF52-1DDCB6C63145}.PlkU.ActiveCfg = PlkU|Win32
		{D91CF37B-509F-4107-BF52-1DDCB6C63145}.PlkU.Build.0 = PlkU|Win32
		{D91CF37B-509F-4107-BF52-1DDCB6C63145}.Ptg.ActiveCfg = Ptg|Win32
		{D91CF37B-509F-4107-BF52-1DDCB6C63145}.Ptg.Build.0 = Ptg|Win32
		{D91CF37B-509F-4107-BF52-1DDCB6C63145}.PtgU.ActiveCfg = PtgU|Win32
		{D91CF37B-509F-4107-BF52-1DDCB6C63145}.PtgU.Build.0 = PtgU|Win32
		{D91CF37B-509F-4107-BF52-1DDCB6C63145}.RusDebugU.ActiveCfg = RusDebugU|Win32
		{D91CF37B-509F-4107-BF52-1DDCB6C63145}.RusDebugU.Build.0 = RusDebugU|Win32
		{D91CF37B-509F-4107-BF52-1DDCB6C63145}.RusU.ActiveCfg = RusU|Win32
		{D91CF37B-509F-4107-BF52-1DDCB6C63145}.RusU.Build.0 = RusU|Win32
		{D91CF37B-509F-4107-BF52-1DDCB6C63145}.Sve.ActiveCfg = Sve|Win32
		{D91CF37B-509F-4107-BF52-1DDCB6C63145}.Sve.Build.0 = Sve|Win32
		{D91CF37B-509F-4107-BF52-1DDCB6C63145}.SveU.ActiveCfg = SveU|Win32
		{D91CF37B-509F-4107-BF52-1DDCB6C63145}.SveU.Build.0 = SveU|Win32
		{D91CF37B-509F-4107-BF52-1DDCB6C63145}.Wls.ActiveCfg = Wls|Win32
		{D91CF37B-509F-4107-BF52-1DDCB6C63145}.Wls.Build.0 = Wls|Win32
	EndGlobalSection
	GlobalSection(ExtensibilityGlobals) = postSolution
	EndGlobalSection
	GlobalSection(ExtensibilityAddIns) = postSolution
	EndGlobalSection
EndGlobal
