Microsoft Visual Studio Solution File, Format Version 8.00
Project("{8BC9CEB8-8B4A-11D0-8D11-00A0C91BC942}") = "ETSBIND", "ETSBIND.vcproj", "{2B540FA6-304D-453D-BC57-856E2B50FF62}"
	ProjectSection(ProjectDependencies) = postProject
	EndProjectSection
EndProject
Global
	GlobalSection(SolutionConfiguration) = preSolution
		Debug = Debug
		ENGRelease = ENGRelease
		Release = Release
	EndGlobalSection
	GlobalSection(ProjectConfiguration) = postSolution
		{2B540FA6-304D-453D-BC57-856E2B50FF62}.Debug.ActiveCfg = Debug|Win32
		{2B540FA6-304D-453D-BC57-856E2B50FF62}.Debug.Build.0 = Debug|Win32
		{2B540FA6-304D-453D-BC57-856E2B50FF62}.ENGRelease.ActiveCfg = ENGRelease|Win32
		{2B540FA6-304D-453D-BC57-856E2B50FF62}.ENGRelease.Build.0 = ENGRelease|Win32
		{2B540FA6-304D-453D-BC57-856E2B50FF62}.Release.ActiveCfg = Release|Win32
		{2B540FA6-304D-453D-BC57-856E2B50FF62}.Release.Build.0 = Release|Win32
	EndGlobalSection
	GlobalSection(ExtensibilityGlobals) = postSolution
	EndGlobalSection
	GlobalSection(ExtensibilityAddIns) = postSolution
	EndGlobalSection
EndGlobal
