Microsoft Visual Studio Solution File, Format Version 8.00
Project("{8BC9CEB8-8B4A-11D0-8D11-00A0C91BC942}") = "CARASCS", "CARASCS.vcproj", "{FFD4C46B-55C5-41D9-B1EA-E7E53AC538C7}"
	ProjectSection(ProjectDependencies) = postProject
	EndProjectSection
EndProject
Project("{8BC9CEB8-8B4A-11D0-8D11-00A0C91BC942}") = "CARAWALK", "..\CARAWALK\CARAWALK.vcproj", "{836B33A1-3A9D-43DA-9FA4-831D5F8B7CD5}"
	ProjectSection(ProjectDependencies) = postProject
	EndProjectSection
EndProject
Global
	GlobalSection(SolutionConfiguration) = preSolution
		Debug = Debug
		Release = Release
		ReleaseEngl = ReleaseEngl
	EndGlobalSection
	GlobalSection(ProjectConfiguration) = postSolution
		{FFD4C46B-55C5-41D9-B1EA-E7E53AC538C7}.Debug.ActiveCfg = Debug|Win32
		{FFD4C46B-55C5-41D9-B1EA-E7E53AC538C7}.Debug.Build.0 = Debug|Win32
		{FFD4C46B-55C5-41D9-B1EA-E7E53AC538C7}.Release.ActiveCfg = Release|Win32
		{FFD4C46B-55C5-41D9-B1EA-E7E53AC538C7}.Release.Build.0 = Release|Win32
		{FFD4C46B-55C5-41D9-B1EA-E7E53AC538C7}.ReleaseEngl.ActiveCfg = ReleaseEngl|Win32
		{FFD4C46B-55C5-41D9-B1EA-E7E53AC538C7}.ReleaseEngl.Build.0 = ReleaseEngl|Win32
		{836B33A1-3A9D-43DA-9FA4-831D5F8B7CD5}.Debug.ActiveCfg = Debug|Win32
		{836B33A1-3A9D-43DA-9FA4-831D5F8B7CD5}.Debug.Build.0 = Debug|Win32
		{836B33A1-3A9D-43DA-9FA4-831D5F8B7CD5}.Release.ActiveCfg = Release|Win32
		{836B33A1-3A9D-43DA-9FA4-831D5F8B7CD5}.Release.Build.0 = Release|Win32
		{836B33A1-3A9D-43DA-9FA4-831D5F8B7CD5}.ReleaseEngl.ActiveCfg = ReleaseEngl|Win32
		{836B33A1-3A9D-43DA-9FA4-831D5F8B7CD5}.ReleaseEngl.Build.0 = ReleaseEngl|Win32
	EndGlobalSection
	GlobalSection(ExtensibilityGlobals) = postSolution
	EndGlobalSection
	GlobalSection(ExtensibilityAddIns) = postSolution
	EndGlobalSection
EndGlobal
