Microsoft Visual Studio Solution File, Format Version 8.00
Project("{8BC9CEB8-8B4A-11D0-8D11-00A0C91BC942}") = "HardwareInfo", "HardwareInfo.vcproj", "{FEEF0EE2-CE13-427A-B714-7BB8B1D763AF}"
	ProjectSection(ProjectDependencies) = postProject
	EndProjectSection
EndProject
Global
	GlobalSection(SourceCodeControl) = preSolution
		SccNumberOfProjects = 2
		SccProjectName0 = \u0022$/Project/TestPrograms/HardwareInfo\u0022,\u0020NESCAAAA
		SccLocalPath0 = .
		SccProvider0 = MSSCCI:Microsoft\u0020Visual\u0020SourceSafe
		CanCheckoutShared = false
		SolutionUniqueID = {205DAA74-B3E9-4C0E-B6A4-FCA65D5C628C}
		SccProjectUniqueName1 = HardwareInfo.vcproj
		SccLocalPath1 = .
		CanCheckoutShared = false
	EndGlobalSection
	GlobalSection(SolutionConfiguration) = preSolution
		Debug = Debug
		Release = Release
	EndGlobalSection
	GlobalSection(ProjectConfiguration) = postSolution
		{FEEF0EE2-CE13-427A-B714-7BB8B1D763AF}.Debug.ActiveCfg = Debug|Win32
		{FEEF0EE2-CE13-427A-B714-7BB8B1D763AF}.Debug.Build.0 = Debug|Win32
		{FEEF0EE2-CE13-427A-B714-7BB8B1D763AF}.Release.ActiveCfg = Release|Win32
		{FEEF0EE2-CE13-427A-B714-7BB8B1D763AF}.Release.Build.0 = Release|Win32
	EndGlobalSection
	GlobalSection(ExtensibilityGlobals) = postSolution
	EndGlobalSection
	GlobalSection(ExtensibilityAddIns) = postSolution
	EndGlobalSection
EndGlobal
