
Microsoft Visual Studio Solution File, Format Version 9.00
# Visual Studio 2005
Project("{FAE04EC0-301F-11D3-BF4B-00C04F79EFBC}") = "CSIPC", "CSIPC.csproj", "{4AC2F7E0-0B3C-4F71-B510-84FDEB739F43}"
EndProject
Global
	GlobalSection(SourceCodeControl) = preSolution
		SccNumberOfProjects = 1
		SccProjectUniqueName0 = CSIPC.csproj
		SccProjectName0 = \u0022$/Project/Clients/CSIPC\u0022,\u0020BAUCAAAA
		SccLocalPath0 = .
		SccProvider0 = MSSCCI:Microsoft\u0020Visual\u0020SourceSafe
		CanCheckoutShared = false
	EndGlobalSection
	GlobalSection(SolutionConfigurationPlatforms) = preSolution
		Debug|Any CPU = Debug|Any CPU
		Release|Any CPU = Release|Any CPU
	EndGlobalSection
	GlobalSection(ProjectConfigurationPlatforms) = postSolution
		{4AC2F7E0-0B3C-4F71-B510-84FDEB739F43}.Debug|Any CPU.ActiveCfg = Debug|Any CPU
		{4AC2F7E0-0B3C-4F71-B510-84FDEB739F43}.Debug|Any CPU.Build.0 = Debug|Any CPU
		{4AC2F7E0-0B3C-4F71-B510-84FDEB739F43}.Release|Any CPU.ActiveCfg = Release|Any CPU
		{4AC2F7E0-0B3C-4F71-B510-84FDEB739F43}.Release|Any CPU.Build.0 = Release|Any CPU
	EndGlobalSection
	GlobalSection(SolutionProperties) = preSolution
		HideSolutionNode = FALSE
	EndGlobalSection
EndGlobal
