Microsoft Visual Studio Solution File, Format Version 8.00
Project("{8BC9CEB8-8B4A-11D0-8D11-00A0C91BC942}") = "CCurve", "CCurve.vcproj", "{F1388C61-A93B-4D2D-89E4-5B1F6A1DC40B}"
	ProjectSection(ProjectDependencies) = postProject
	EndProjectSection
EndProject
Global
	GlobalSection(SolutionConfiguration) = preSolution
		Debug = Debug
		Release = Release
	EndGlobalSection
	GlobalSection(ProjectConfiguration) = postSolution
		{F1388C61-A93B-4D2D-89E4-5B1F6A1DC40B}.Debug.ActiveCfg = Debug|Win32
		{F1388C61-A93B-4D2D-89E4-5B1F6A1DC40B}.Debug.Build.0 = Debug|Win32
		{F1388C61-A93B-4D2D-89E4-5B1F6A1DC40B}.Release.ActiveCfg = Release|Win32
		{F1388C61-A93B-4D2D-89E4-5B1F6A1DC40B}.Release.Build.0 = Release|Win32
	EndGlobalSection
	GlobalSection(ExtensibilityGlobals) = postSolution
	EndGlobalSection
	GlobalSection(ExtensibilityAddIns) = postSolution
	EndGlobalSection
EndGlobal
